proto_outdir = "./ext"

[[dependencies]]
  target = "github.com/pomerium/pomerium/pkg/grpc"
  subgroup = ""
  revision = "d485ca8306aee63d84bb1bd9ecb44a33e0a40ce4"
  branch = "main"
  path = "../proto"
  protocol = ""

[[dependencies]]
  target = "github.com/pomerium/enterprise-client/protos/pomerium-console"
  subgroup = ""
  revision = "9087bf7f28e0e23f807fe1c35897e655f1b74fec"
  branch = "main"
  path = "../proto"
  protocol = ""

[[dependencies]]
  target = "github.com/envoyproxy/protoc-gen-validate"
  subgroup = ""
  revision = "758c5fc3a13b71bdb7e851b0c1ee8f6232e0ce7d"
  branch = ""
  path = ""
  protocol = ""

[[dependencies]]
  target = "github.com/envoyproxy/data-plane-api"
  subgroup = ""
  revision = "2456249b613d8feec6040169ba20292ac0322088"
  branch = "main"
  path = ""
  protocol = ""

[[dependencies]]
  target = "github.com/cncf/xds"
  subgroup = ""
  revision = "32f1caf87195bf3390061c29f18987e51ca56a88"
  branch = "main"
  path = ""
  protocol = ""

[[dependencies]]
  target = "github.com/googleapis/googleapis"
  subgroup = ""
  revision = "c1aba4ea3120415e21b89567c9ca55a7b6c91ccb"
  branch = "master"
  path = ""
  protocol = ""
